<?xml version="1.0" encoding="utf-8"?>
<Project ToolsVersion="4.0" xmlns="http://schemas.microsoft.com/developer/msbuild/2003">
  <ItemGroup>
    <Filter Include="Source Files">
      <UniqueIdentifier>{4FC737F1-C7A5-4376-A066-2A32D752A2FF}</UniqueIdentifier>
      <Extensions>cpp;c;cc;cxx;c++;cppm;ixx;def;odl;idl;hpj;bat;asm;asmx</Extensions>
    </Filter>
    <Filter Include="Header Files">
      <UniqueIdentifier>{93995380-89BD-4b04-88EB-625FBE52EBFB}</UniqueIdentifier>
      <Extensions>h;hh;hpp;hxx;h++;hm;inl;inc;ipp;xsd</Extensions>
    </Filter>
    <Filter Include="AudioEngine">
      <UniqueIdentifier>{b1c3132d-2856-42bb-85bb-41fa9041a941}</UniqueIdentifier>
    </Filter>
  </ItemGroup>
  <ItemGroup>
    <ClInclude Include="Inc\Common.h">
      <Filter>Header Files</Filter>
    </ClInclude>
    <ClInclude Include="Inc\Main.h">
      <Filter>Header Files</Filter>
    </ClInclude>
    <ClInclude Include="Inc\Resource.h">
      <Filter>Header Files</Filter>
    </ClInclude>
    <ClInclude Include="Src\AudioManagerState.h">
      <Filter>Header Files</Filter>
    </ClInclude>
    
  </ItemGroup>
  <ItemGroup>
    <ClCompile Include="Src\Main.cpp">
      <Filter>Source Files</Filter>
    </ClCompile>
    <ClCompile Include="Src\Runtime.cpp">
      <Filter>Source Files</Filter>
    </ClCompile>
    <ClCompile Include="Src\General.cpp">
      <Filter>Source Files</Filter>
    </ClCompile>
    <ClCompile Include="Src\Edittime.cpp">
      <Filter>Source Files</Filter>
    </ClCompile>
    <ClCompile Include="Src\AudioManagerState.cpp">
      <Filter>Source Files</Filter>
    </ClCompile>
    
    
  </ItemGroup>
  <ItemGroup>
    <ResourceCompile Include="Src\Ext.rc">
      <Filter>Source Files</Filter>
    </ResourceCompile>
  </ItemGroup>
  <ItemGroup>
    <None Include="Ext.def" />
  </ItemGroup>
</Project>

